
Microsoft Visual Studio Solution File, Format Version 12.00
# Visual Studio Version 16
VisualStudioVersion = 16.0.30204.135
MinimumVisualStudioVersion = 10.0.40219.1
Project("{8BC9CEB8-8B4A-11D0-8D11-00A0C91BC942}") = "Project2", "Project2\Project2.vcxproj", "{AFA2F424-4856-4E15-B53E-6DC93FCCA6DE}"
EndProject
Global
	GlobalSection(SolutionConfigurationPlatforms) = preSolution
		Debug|x64 = Debug|x64
		Debug|x86 = Debug|x86
		Release|x64 = Release|x64
		Release|x86 = Release|x86
	EndGlobalSection
	GlobalSection(ProjectConfigurationPlatforms) = postSolution
		{AFA2F424-4856-4E15-B53E-6DC93FCCA6DE}.Debug|x64.ActiveCfg = Debug|x64
		{AFA2F424-4856-4E15-B53E-6DC93FCCA6DE}.Debug|x64.Build.0 = Debug|x64
		{AFA2F424-4856-4E15-B53E-6DC93FCCA6DE}.Debug|x86.ActiveCfg = Debug|Win32
		{AFA2F424-4856-4E15-B53E-6DC93FCCA6DE}.Debug|x86.Build.0 = Debug|Win32
		{AFA2F424-4856-4E15-B53E-6DC93FCCA6DE}.Release|x64.ActiveCfg = Release|x64
		{AFA2F424-4856-4E15-B53E-6DC93FCCA6DE}.Release|x64.Build.0 = Release|x64
		{AFA2F424-4856-4E15-B53E-6DC93FCCA6DE}.Release|x86.ActiveCfg = Release|Win32
		{AFA2F424-4856-4E15-B53E-6DC93FCCA6DE}.Release|x86.Build.0 = Release|Win32
	EndGlobalSection
	GlobalSection(SolutionProperties) = preSolution
		HideSolutionNode = FALSE
	EndGlobalSection
	GlobalSection(ExtensibilityGlobals) = postSolution
		SolutionGuid = {3333DA05-85AA-4E67-9F8F-BE7447ED5D55}
	EndGlobalSection
EndGlobal
